{
  "lockVersion": 1,
  "packages": {
    "json-rpc": {
      "url": "github.com/milo-language/milo-json-rpc",
      "version": "v0.1.0",
      "commit": "9d84306d805ac7419e2aa3ce19ccd47925fd240d",
      "hash": "sha256:32927cc0c3a65cf6c8c41c15ebadbf5a82bd89a5062b4141e3a4dff24a3deaa0",
      "deps": []
    }
  }
}
